
Microsoft Visual Studio Solution File, Format Version 12.00
# Visual Studio Version 17
VisualStudioVersion = 17.11.35327.3
MinimumVisualStudioVersion = 10.0.40219.1
Project("{8BC9CEB8-8B4A-11D0-8D11-00A0C91BC942}") = "hw_files2", "hw_files2.vcxproj", "{69196905-7D18-45C8-A49E-DA8F81380938}"
EndProject
Global
	GlobalSection(SolutionConfigurationPlatforms) = preSolution
		Debug|x64 = Debug|x64
		Debug|x86 = Debug|x86
		Release|x64 = Release|x64
		Release|x86 = Release|x86
	EndGlobalSection
	GlobalSection(ProjectConfigurationPlatforms) = postSolution
		{69196905-7D18-45C8-A49E-DA8F81380938}.Debug|x64.ActiveCfg = Debug|x64
		{69196905-7D18-45C8-A49E-DA8F81380938}.Debug|x64.Build.0 = Debug|x64
		{69196905-7D18-45C8-A49E-DA8F81380938}.Debug|x86.ActiveCfg = Debug|Win32
		{69196905-7D18-45C8-A49E-DA8F81380938}.Debug|x86.Build.0 = Debug|Win32
		{69196905-7D18-45C8-A49E-DA8F81380938}.Release|x64.ActiveCfg = Release|x64
		{69196905-7D18-45C8-A49E-DA8F81380938}.Release|x64.Build.0 = Release|x64
		{69196905-7D18-45C8-A49E-DA8F81380938}.Release|x86.ActiveCfg = Release|Win32
		{69196905-7D18-45C8-A49E-DA8F81380938}.Release|x86.Build.0 = Release|Win32
	EndGlobalSection
	GlobalSection(SolutionProperties) = preSolution
		HideSolutionNode = FALSE
	EndGlobalSection
	GlobalSection(ExtensibilityGlobals) = postSolution
		SolutionGuid = {96D18ECD-134B-487C-87C5-CC94708C6D56}
	EndGlobalSection
EndGlobal
